
Microsoft Visual Studio Solution File, Format Version 12.00
# Visual Studio Version 16
VisualStudioVersion = 16.0.30517.126
MinimumVisualStudioVersion = 10.0.40219.1
Project("{FAE04EC0-301F-11D3-BF4B-00C04F79EFBC}") = "Appwithdockerhub", "Appwithdockerhub\Appwithdockerhub.csproj", "{6A135802-DB8B-4BB9-AC5C-24D1D821CC3B}"
EndProject
Global
	GlobalSection(SolutionConfigurationPlatforms) = preSolution
		Debug|Any CPU = Debug|Any CPU
		Release|Any CPU = Release|Any CPU
	EndGlobalSection
	GlobalSection(ProjectConfigurationPlatforms) = postSolution
		{6A135802-DB8B-4BB9-AC5C-24D1D821CC3B}.Debug|Any CPU.ActiveCfg = Debug|Any CPU
		{6A135802-DB8B-4BB9-AC5C-24D1D821CC3B}.Debug|Any CPU.Build.0 = Debug|Any CPU
		{6A135802-DB8B-4BB9-AC5C-24D1D821CC3B}.Release|Any CPU.ActiveCfg = Release|Any CPU
		{6A135802-DB8B-4BB9-AC5C-24D1D821CC3B}.Release|Any CPU.Build.0 = Release|Any CPU
	EndGlobalSection
	GlobalSection(SolutionProperties) = preSolution
		HideSolutionNode = FALSE
	EndGlobalSection
	GlobalSection(ExtensibilityGlobals) = postSolution
		SolutionGuid = {90A6A03B-4378-46D2-94F2-79CD3E8AAFBD}
	EndGlobalSection
EndGlobal
